
Microsoft Visual Studio Solution File, Format Version 12.00
# Visual Studio 15
VisualStudioVersion = 15.0.28010.2003
MinimumVisualStudioVersion = 10.0.40219.1
Project("{E24C65DC-7377-472B-9ABA-BC803B73C61A}") = "Snake", "Snake\", "{EC87C19B-538E-4100-9B94-255EC6D736A8}"
	ProjectSection(WebsiteProperties) = preProject
		TargetFrameworkMoniker = ".NETFramework,Version%3Dv4.6.1"
		Debug.AspNetCompiler.VirtualPath = "/localhost_51066"
		Debug.AspNetCompiler.PhysicalPath = "Snake\"
		Debug.AspNetCompiler.TargetPath = "PrecompiledWeb\localhost_51066\"
		Debug.AspNetCompiler.Updateable = "true"
		Debug.AspNetCompiler.ForceOverwrite = "true"
		Debug.AspNetCompiler.FixedNames = "false"
		Debug.AspNetCompiler.Debug = "True"
		Release.AspNetCompiler.VirtualPath = "/localhost_51066"
		Release.AspNetCompiler.PhysicalPath = "Snake\"
		Release.AspNetCompiler.TargetPath = "PrecompiledWeb\localhost_51066\"
		Release.AspNetCompiler.Updateable = "true"
		Release.AspNetCompiler.ForceOverwrite = "true"
		Release.AspNetCompiler.FixedNames = "false"
		Release.AspNetCompiler.Debug = "False"
		VWDPort = "51066"
		SlnRelativePath = "Snake\"
		DefaultWebSiteLanguage = "Visual C#"
	EndProjectSection
EndProject
Global
	GlobalSection(SolutionConfigurationPlatforms) = preSolution
		Debug|Any CPU = Debug|Any CPU
	EndGlobalSection
	GlobalSection(ProjectConfigurationPlatforms) = postSolution
		{EC87C19B-538E-4100-9B94-255EC6D736A8}.Debug|Any CPU.ActiveCfg = Debug|Any CPU
		{EC87C19B-538E-4100-9B94-255EC6D736A8}.Debug|Any CPU.Build.0 = Debug|Any CPU
	EndGlobalSection
	GlobalSection(SolutionProperties) = preSolution
		HideSolutionNode = FALSE
	EndGlobalSection
	GlobalSection(ExtensibilityGlobals) = postSolution
		SolutionGuid = {20E42CEC-689A-45AB-9881-C2A799BC0B40}
	EndGlobalSection
EndGlobal
